
Microsoft Visual Studio Solution File, Format Version 12.00
# Visual Studio 14
VisualStudioVersion = 14.0.25420.1
MinimumVisualStudioVersion = 10.0.40219.1
Project("{FAE04EC0-301F-11D3-BF4B-00C04F79EFBC}") = "LexEnaTrs", "LexEnaTrs\LexEnaTrs.csproj", "{1BD69374-9B41-436D-B0BD-4B2D30818C3A}"
	ProjectSection(ProjectDependencies) = postProject
		{14CA606D-F850-45AF-9127-59BD016C333C} = {14CA606D-F850-45AF-9127-59BD016C333C}
	EndProjectSection
EndProject
Project("{FAE04EC0-301F-11D3-BF4B-00C04F79EFBC}") = "LexEnaTrs.Web", "LexEnaTrs.Web\LexEnaTrs.Web.csproj", "{14CA606D-F850-45AF-9127-59BD016C333C}"
	ProjectSection(ProjectDependencies) = postProject
		{CC4112AE-0FA6-4D1D-9DC2-58D68D65E176} = {CC4112AE-0FA6-4D1D-9DC2-58D68D65E176}
	EndProjectSection
EndProject
Project("{FAE04EC0-301F-11D3-BF4B-00C04F79EFBC}") = "LexEnaReporting", "LexEnaReporting\LexEnaReporting.csproj", "{A1819512-D916-4CFE-8182-AF317258F11B}"
EndProject
Project("{FAE04EC0-301F-11D3-BF4B-00C04F79EFBC}") = "WienaDB", "WienaDB\WienaDB.csproj", "{315C79D1-FEE1-466C-8709-3C6B09E9F0EF}"
EndProject
Project("{FAE04EC0-301F-11D3-BF4B-00C04F79EFBC}") = "LexEna2BIG", "LexEna2BIG\LexEna2BIG.csproj", "{E7758BA5-F030-4002-B83F-266602293677}"
EndProject
Project("{FAE04EC0-301F-11D3-BF4B-00C04F79EFBC}") = "BIGImportBGWorker", "BIGImportBGWorker\BIGImportBGWorker.csproj", "{579614DE-885B-4523-AF56-132E2E450421}"
EndProject
Project("{FAE04EC0-301F-11D3-BF4B-00C04F79EFBC}") = "NipNetLib", "NIPValidator\NipNetLib\NipNetLib.csproj", "{99D88F8B-0A23-4E9C-9C5B-C7CF5996D87D}"
EndProject
Project("{FAE04EC0-301F-11D3-BF4B-00C04F79EFBC}") = "WebClientJS", "NIPValidator\WebClientJS\WebClientJS.csproj", "{7C373228-DA95-47CA-B1A7-211500E87F96}"
	ProjectSection(ProjectDependencies) = postProject
		{E7758BA5-F030-4002-B83F-266602293677} = {E7758BA5-F030-4002-B83F-266602293677}
	EndProjectSection
EndProject
Project("{FAE04EC0-301F-11D3-BF4B-00C04F79EFBC}") = "ExtractPdf", "ExtractPdf\ExtractPdf.csproj", "{C3A3F5C2-CCDB-48C9-91BD-9B7DFA5A428D}"
EndProject
Project("{FAE04EC0-301F-11D3-BF4B-00C04F79EFBC}") = "Odsetki", "kalkulator\Odsetki\Odsetki\Odsetki.csproj", "{CC4112AE-0FA6-4D1D-9DC2-58D68D65E176}"
EndProject
Project("{FAE04EC0-301F-11D3-BF4B-00C04F79EFBC}") = "CalcZaleglosc", "CalcZaleglosc\CalcZaleglosc.csproj", "{3A96E737-1483-4922-9EBB-EEC105CD2026}"
EndProject
Project("{FAE04EC0-301F-11D3-BF4B-00C04F79EFBC}") = "ZadanieTimerMain", "ZadanieTimer\ZadanieTimerMain\ZadanieTimerMain.csproj", "{6FDCDB23-E198-4E11-B29F-BC3F2453F393}"
EndProject
Project("{FAE04EC0-301F-11D3-BF4B-00C04F79EFBC}") = "EpuProxy", "EPU-Proxy\EpuProxy\EpuProxy.csproj", "{EB290EDD-9BC6-4B34-9F8A-AF7287EFF67A}"
EndProject
Project("{FAE04EC0-301F-11D3-BF4B-00C04F79EFBC}") = "ZadanieTimerDB", "ZadanieTimerDB\ZadanieTimerDB.csproj", "{8458C917-5775-44A3-A701-956A5F230B69}"
EndProject
Global
	GlobalSection(SolutionConfigurationPlatforms) = preSolution
		Debug|Any CPU = Debug|Any CPU
		Debug|x86 = Debug|x86
		Release|Any CPU = Release|Any CPU
		Release|x86 = Release|x86
	EndGlobalSection
	GlobalSection(ProjectConfigurationPlatforms) = postSolution
		{1BD69374-9B41-436D-B0BD-4B2D30818C3A}.Debug|Any CPU.ActiveCfg = Debug|Any CPU
		{1BD69374-9B41-436D-B0BD-4B2D30818C3A}.Debug|Any CPU.Build.0 = Debug|Any CPU
		{1BD69374-9B41-436D-B0BD-4B2D30818C3A}.Debug|x86.ActiveCfg = Debug|x86
		{1BD69374-9B41-436D-B0BD-4B2D30818C3A}.Debug|x86.Build.0 = Debug|x86
		{1BD69374-9B41-436D-B0BD-4B2D30818C3A}.Release|Any CPU.ActiveCfg = Release|Any CPU
		{1BD69374-9B41-436D-B0BD-4B2D30818C3A}.Release|Any CPU.Build.0 = Release|Any CPU
		{1BD69374-9B41-436D-B0BD-4B2D30818C3A}.Release|x86.ActiveCfg = Release|x86
		{1BD69374-9B41-436D-B0BD-4B2D30818C3A}.Release|x86.Build.0 = Release|x86
		{14CA606D-F850-45AF-9127-59BD016C333C}.Debug|Any CPU.ActiveCfg = Debug|Any CPU
		{14CA606D-F850-45AF-9127-59BD016C333C}.Debug|Any CPU.Build.0 = Debug|Any CPU
		{14CA606D-F850-45AF-9127-59BD016C333C}.Debug|x86.ActiveCfg = Debug|x86
		{14CA606D-F850-45AF-9127-59BD016C333C}.Debug|x86.Build.0 = Debug|x86
		{14CA606D-F850-45AF-9127-59BD016C333C}.Release|Any CPU.ActiveCfg = Release|Any CPU
		{14CA606D-F850-45AF-9127-59BD016C333C}.Release|Any CPU.Build.0 = Release|Any CPU
		{14CA606D-F850-45AF-9127-59BD016C333C}.Release|x86.ActiveCfg = Release|x86
		{14CA606D-F850-45AF-9127-59BD016C333C}.Release|x86.Build.0 = Release|x86
		{A1819512-D916-4CFE-8182-AF317258F11B}.Debug|Any CPU.ActiveCfg = Debug|Any CPU
		{A1819512-D916-4CFE-8182-AF317258F11B}.Debug|Any CPU.Build.0 = Debug|Any CPU
		{A1819512-D916-4CFE-8182-AF317258F11B}.Debug|x86.ActiveCfg = Debug|x86
		{A1819512-D916-4CFE-8182-AF317258F11B}.Debug|x86.Build.0 = Debug|x86
		{A1819512-D916-4CFE-8182-AF317258F11B}.Release|Any CPU.ActiveCfg = Release|Any CPU
		{A1819512-D916-4CFE-8182-AF317258F11B}.Release|Any CPU.Build.0 = Release|Any CPU
		{A1819512-D916-4CFE-8182-AF317258F11B}.Release|x86.ActiveCfg = Release|x86
		{A1819512-D916-4CFE-8182-AF317258F11B}.Release|x86.Build.0 = Release|x86
		{315C79D1-FEE1-466C-8709-3C6B09E9F0EF}.Debug|Any CPU.ActiveCfg = Debug|Any CPU
		{315C79D1-FEE1-466C-8709-3C6B09E9F0EF}.Debug|Any CPU.Build.0 = Debug|Any CPU
		{315C79D1-FEE1-466C-8709-3C6B09E9F0EF}.Debug|x86.ActiveCfg = Debug|x86
		{315C79D1-FEE1-466C-8709-3C6B09E9F0EF}.Debug|x86.Build.0 = Debug|x86
		{315C79D1-FEE1-466C-8709-3C6B09E9F0EF}.Release|Any CPU.ActiveCfg = Release|Any CPU
		{315C79D1-FEE1-466C-8709-3C6B09E9F0EF}.Release|Any CPU.Build.0 = Release|Any CPU
		{315C79D1-FEE1-466C-8709-3C6B09E9F0EF}.Release|x86.ActiveCfg = Release|x86
		{315C79D1-FEE1-466C-8709-3C6B09E9F0EF}.Release|x86.Build.0 = Release|x86
		{E7758BA5-F030-4002-B83F-266602293677}.Debug|Any CPU.ActiveCfg = Debug|Any CPU
		{E7758BA5-F030-4002-B83F-266602293677}.Debug|Any CPU.Build.0 = Debug|Any CPU
		{E7758BA5-F030-4002-B83F-266602293677}.Debug|x86.ActiveCfg = Debug|x86
		{E7758BA5-F030-4002-B83F-266602293677}.Debug|x86.Build.0 = Debug|x86
		{E7758BA5-F030-4002-B83F-266602293677}.Release|Any CPU.ActiveCfg = Release|Any CPU
		{E7758BA5-F030-4002-B83F-266602293677}.Release|Any CPU.Build.0 = Release|Any CPU
		{E7758BA5-F030-4002-B83F-266602293677}.Release|x86.ActiveCfg = Release|x86
		{E7758BA5-F030-4002-B83F-266602293677}.Release|x86.Build.0 = Release|x86
		{579614DE-885B-4523-AF56-132E2E450421}.Debug|Any CPU.ActiveCfg = Debug|Any CPU
		{579614DE-885B-4523-AF56-132E2E450421}.Debug|Any CPU.Build.0 = Debug|Any CPU
		{579614DE-885B-4523-AF56-132E2E450421}.Debug|x86.ActiveCfg = Debug|x86
		{579614DE-885B-4523-AF56-132E2E450421}.Debug|x86.Build.0 = Debug|x86
		{579614DE-885B-4523-AF56-132E2E450421}.Release|Any CPU.ActiveCfg = Release|Any CPU
		{579614DE-885B-4523-AF56-132E2E450421}.Release|Any CPU.Build.0 = Release|Any CPU
		{579614DE-885B-4523-AF56-132E2E450421}.Release|x86.ActiveCfg = Release|x86
		{579614DE-885B-4523-AF56-132E2E450421}.Release|x86.Build.0 = Release|x86
		{99D88F8B-0A23-4E9C-9C5B-C7CF5996D87D}.Debug|Any CPU.ActiveCfg = Debug|Any CPU
		{99D88F8B-0A23-4E9C-9C5B-C7CF5996D87D}.Debug|Any CPU.Build.0 = Debug|Any CPU
		{99D88F8B-0A23-4E9C-9C5B-C7CF5996D87D}.Debug|x86.ActiveCfg = Debug|x86
		{99D88F8B-0A23-4E9C-9C5B-C7CF5996D87D}.Debug|x86.Build.0 = Debug|x86
		{99D88F8B-0A23-4E9C-9C5B-C7CF5996D87D}.Release|Any CPU.ActiveCfg = Release|Any CPU
		{99D88F8B-0A23-4E9C-9C5B-C7CF5996D87D}.Release|Any CPU.Build.0 = Release|Any CPU
		{99D88F8B-0A23-4E9C-9C5B-C7CF5996D87D}.Release|x86.ActiveCfg = Release|x86
		{99D88F8B-0A23-4E9C-9C5B-C7CF5996D87D}.Release|x86.Build.0 = Release|x86
		{7C373228-DA95-47CA-B1A7-211500E87F96}.Debug|Any CPU.ActiveCfg = Debug|Any CPU
		{7C373228-DA95-47CA-B1A7-211500E87F96}.Debug|Any CPU.Build.0 = Debug|Any CPU
		{7C373228-DA95-47CA-B1A7-211500E87F96}.Debug|x86.ActiveCfg = Debug|x86
		{7C373228-DA95-47CA-B1A7-211500E87F96}.Debug|x86.Build.0 = Debug|x86
		{7C373228-DA95-47CA-B1A7-211500E87F96}.Release|Any CPU.ActiveCfg = Release|Any CPU
		{7C373228-DA95-47CA-B1A7-211500E87F96}.Release|Any CPU.Build.0 = Release|Any CPU
		{7C373228-DA95-47CA-B1A7-211500E87F96}.Release|x86.ActiveCfg = Release|x86
		{7C373228-DA95-47CA-B1A7-211500E87F96}.Release|x86.Build.0 = Release|x86
		{C3A3F5C2-CCDB-48C9-91BD-9B7DFA5A428D}.Debug|Any CPU.ActiveCfg = Debug|Any CPU
		{C3A3F5C2-CCDB-48C9-91BD-9B7DFA5A428D}.Debug|Any CPU.Build.0 = Debug|Any CPU
		{C3A3F5C2-CCDB-48C9-91BD-9B7DFA5A428D}.Debug|x86.ActiveCfg = Debug|x86
		{C3A3F5C2-CCDB-48C9-91BD-9B7DFA5A428D}.Debug|x86.Build.0 = Debug|x86
		{C3A3F5C2-CCDB-48C9-91BD-9B7DFA5A428D}.Release|Any CPU.ActiveCfg = Release|Any CPU
		{C3A3F5C2-CCDB-48C9-91BD-9B7DFA5A428D}.Release|Any CPU.Build.0 = Release|Any CPU
		{C3A3F5C2-CCDB-48C9-91BD-9B7DFA5A428D}.Release|x86.ActiveCfg = Release|x86
		{C3A3F5C2-CCDB-48C9-91BD-9B7DFA5A428D}.Release|x86.Build.0 = Release|x86
		{CC4112AE-0FA6-4D1D-9DC2-58D68D65E176}.Debug|Any CPU.ActiveCfg = Debug|Any CPU
		{CC4112AE-0FA6-4D1D-9DC2-58D68D65E176}.Debug|Any CPU.Build.0 = Debug|Any CPU
		{CC4112AE-0FA6-4D1D-9DC2-58D68D65E176}.Debug|x86.ActiveCfg = Debug|Any CPU
		{CC4112AE-0FA6-4D1D-9DC2-58D68D65E176}.Debug|x86.Build.0 = Debug|Any CPU
		{CC4112AE-0FA6-4D1D-9DC2-58D68D65E176}.Release|Any CPU.ActiveCfg = Release|Any CPU
		{CC4112AE-0FA6-4D1D-9DC2-58D68D65E176}.Release|Any CPU.Build.0 = Release|Any CPU
		{CC4112AE-0FA6-4D1D-9DC2-58D68D65E176}.Release|x86.ActiveCfg = Release|Any CPU
		{CC4112AE-0FA6-4D1D-9DC2-58D68D65E176}.Release|x86.Build.0 = Release|Any CPU
		{3A96E737-1483-4922-9EBB-EEC105CD2026}.Debug|Any CPU.ActiveCfg = Debug|Any CPU
		{3A96E737-1483-4922-9EBB-EEC105CD2026}.Debug|Any CPU.Build.0 = Debug|Any CPU
		{3A96E737-1483-4922-9EBB-EEC105CD2026}.Debug|x86.ActiveCfg = Debug|Any CPU
		{3A96E737-1483-4922-9EBB-EEC105CD2026}.Debug|x86.Build.0 = Debug|Any CPU
		{3A96E737-1483-4922-9EBB-EEC105CD2026}.Release|Any CPU.ActiveCfg = Release|Any CPU
		{3A96E737-1483-4922-9EBB-EEC105CD2026}.Release|Any CPU.Build.0 = Release|Any CPU
		{3A96E737-1483-4922-9EBB-EEC105CD2026}.Release|x86.ActiveCfg = Release|Any CPU
		{3A96E737-1483-4922-9EBB-EEC105CD2026}.Release|x86.Build.0 = Release|Any CPU
		{6FDCDB23-E198-4E11-B29F-BC3F2453F393}.Debug|Any CPU.ActiveCfg = Debug|Any CPU
		{6FDCDB23-E198-4E11-B29F-BC3F2453F393}.Debug|Any CPU.Build.0 = Debug|Any CPU
		{6FDCDB23-E198-4E11-B29F-BC3F2453F393}.Debug|x86.ActiveCfg = Debug|Any CPU
		{6FDCDB23-E198-4E11-B29F-BC3F2453F393}.Debug|x86.Build.0 = Debug|Any CPU
		{6FDCDB23-E198-4E11-B29F-BC3F2453F393}.Release|Any CPU.ActiveCfg = Release|Any CPU
		{6FDCDB23-E198-4E11-B29F-BC3F2453F393}.Release|Any CPU.Build.0 = Release|Any CPU
		{6FDCDB23-E198-4E11-B29F-BC3F2453F393}.Release|x86.ActiveCfg = Release|Any CPU
		{6FDCDB23-E198-4E11-B29F-BC3F2453F393}.Release|x86.Build.0 = Release|Any CPU
		{EB290EDD-9BC6-4B34-9F8A-AF7287EFF67A}.Debug|Any CPU.ActiveCfg = Debug|Any CPU
		{EB290EDD-9BC6-4B34-9F8A-AF7287EFF67A}.Debug|Any CPU.Build.0 = Debug|Any CPU
		{EB290EDD-9BC6-4B34-9F8A-AF7287EFF67A}.Debug|x86.ActiveCfg = Debug|Any CPU
		{EB290EDD-9BC6-4B34-9F8A-AF7287EFF67A}.Debug|x86.Build.0 = Debug|Any CPU
		{EB290EDD-9BC6-4B34-9F8A-AF7287EFF67A}.Release|Any CPU.ActiveCfg = Release|Any CPU
		{EB290EDD-9BC6-4B34-9F8A-AF7287EFF67A}.Release|Any CPU.Build.0 = Release|Any CPU
		{EB290EDD-9BC6-4B34-9F8A-AF7287EFF67A}.Release|x86.ActiveCfg = Release|Any CPU
		{EB290EDD-9BC6-4B34-9F8A-AF7287EFF67A}.Release|x86.Build.0 = Release|Any CPU
		{8458C917-5775-44A3-A701-956A5F230B69}.Debug|Any CPU.ActiveCfg = Debug|Any CPU
		{8458C917-5775-44A3-A701-956A5F230B69}.Debug|Any CPU.Build.0 = Debug|Any CPU
		{8458C917-5775-44A3-A701-956A5F230B69}.Debug|x86.ActiveCfg = Debug|Any CPU
		{8458C917-5775-44A3-A701-956A5F230B69}.Debug|x86.Build.0 = Debug|Any CPU
		{8458C917-5775-44A3-A701-956A5F230B69}.Release|Any CPU.ActiveCfg = Release|Any CPU
		{8458C917-5775-44A3-A701-956A5F230B69}.Release|Any CPU.Build.0 = Release|Any CPU
		{8458C917-5775-44A3-A701-956A5F230B69}.Release|x86.ActiveCfg = Release|Any CPU
		{8458C917-5775-44A3-A701-956A5F230B69}.Release|x86.Build.0 = Release|Any CPU
	EndGlobalSection
	GlobalSection(SolutionProperties) = preSolution
		HideSolutionNode = FALSE
	EndGlobalSection
EndGlobal
