<?xml version="1.0" encoding="utf-8"?>
<Project ToolsVersion="4.0" xmlns="http://schemas.microsoft.com/developer/msbuild/2003">
  <ItemGroup>
    <Filter Include="Source Files">
      <UniqueIdentifier>{62ffc0c6-fa8b-4583-834f-e04f368e0d44}</UniqueIdentifier>
      <Extensions>cpp;c;cxx;rc;def;r;odl;idl;hpj;bat</Extensions>
    </Filter>
    <Filter Include="Header Files">
      <UniqueIdentifier>{430454ab-7b87-4ff5-83c0-5aae82bf09ca}</UniqueIdentifier>
      <Extensions>h;hpp;hxx;hm;inl</Extensions>
    </Filter>
    <Filter Include="Resource Files">
      <UniqueIdentifier>{cc4036e4-e606-4703-a798-32931a458a10}</UniqueIdentifier>
      <Extensions>ico;cur;bmp;dlg;rc2;rct;bin;cnt;rtf;gif;jpg;jpeg;jpe</Extensions>
    </Filter>
  </ItemGroup>
  <ItemGroup>
    <ClCompile Include="Cpv.cpp">
      <Filter>Source Files</Filter>
    </ClCompile>
    <ClCompile Include="Date.cpp">
      <Filter>Source Files</Filter>
    </ClCompile>
    <ClCompile Include="DateEdit.cpp">
      <Filter>Source Files</Filter>
    </ClCompile>
    <ClCompile Include="Dlg.cpp">
      <Filter>Source Files</Filter>
    </ClCompile>
    <ClCompile Include="Getstan.cpp">
      <Filter>Source Files</Filter>
    </ClCompile>
    <ClCompile Include="km.cpp">
      <Filter>Source Files</Filter>
    </ClCompile>
    <ClCompile Include="kmdoc.cpp">
      <Filter>Source Files</Filter>
    </ClCompile>
    <ClCompile Include="kmobj.cpp">
      <Filter>Source Files</Filter>
    </ClCompile>
    <ClCompile Include="MainFrm.cpp">
      <Filter>Source Files</Filter>
    </ClCompile>
    <ClCompile Include="Nagl.cpp">
      <Filter>Source Files</Filter>
    </ClCompile>
    <ClCompile Include="Nalvw.cpp">
      <Filter>Source Files</Filter>
    </ClCompile>
    <ClCompile Include="NEWOKR.CPP">
      <Filter>Source Files</Filter>
    </ClCompile>
    <ClCompile Include="NumericEdit.cpp">
      <Filter>Source Files</Filter>
    </ClCompile>
    <ClCompile Include="Oblicz.cpp">
      <Filter>Source Files</Filter>
    </ClCompile>
    <ClCompile Include="Oblvw.cpp">
      <Filter>Source Files</Filter>
    </ClCompile>
    <ClCompile Include="Odsetki.cpp">
      <Filter>Source Files</Filter>
    </ClCompile>
    <ClCompile Include="Odsvw.cpp">
      <Filter>Source Files</Filter>
    </ClCompile>
    <ClCompile Include="Rowview.cpp">
      <Filter>Source Files</Filter>
    </ClCompile>
    <ClCompile Include="Splitter.cpp">
      <Filter>Source Files</Filter>
    </ClCompile>
    <ClCompile Include="StdAfx.cpp">
      <Filter>Source Files</Filter>
    </ClCompile>
    <ClCompile Include="Title.cpp">
      <Filter>Source Files</Filter>
    </ClCompile>
    <ClCompile Include="Wplvw.cpp">
      <Filter>Source Files</Filter>
    </ClCompile>
    <ClCompile Include="Zlgr.cpp">
      <Filter>Source Files</Filter>
    </ClCompile>
  </ItemGroup>
  <ItemGroup>
    <ResourceCompile Include="km.rc">
      <Filter>Source Files</Filter>
    </ResourceCompile>
  </ItemGroup>
  <ItemGroup>
    <ClInclude Include="DateEdit.h">
      <Filter>Header Files</Filter>
    </ClInclude>
    <ClInclude Include="GETSTAN.H">
      <Filter>Header Files</Filter>
    </ClInclude>
    <ClInclude Include="kkm.h">
      <Filter>Header Files</Filter>
    </ClInclude>
    <ClInclude Include="kkmDoc.h">
      <Filter>Header Files</Filter>
    </ClInclude>
    <ClInclude Include="MainFrm.h">
      <Filter>Header Files</Filter>
    </ClInclude>
    <ClInclude Include="NEWOKR.H">
      <Filter>Header Files</Filter>
    </ClInclude>
    <ClInclude Include="NumericEdit.h">
      <Filter>Header Files</Filter>
    </ClInclude>
    <ClInclude Include="Resource.h">
      <Filter>Header Files</Filter>
    </ClInclude>
    <ClInclude Include="StdAfx.h">
      <Filter>Header Files</Filter>
    </ClInclude>
  </ItemGroup>
  <ItemGroup>
    <CustomBuild Include="Date.inl">
      <Filter>Header Files</Filter>
    </CustomBuild>
    <CustomBuild Include="RES\bitmap1.bmp">
      <Filter>Resource Files</Filter>
    </CustomBuild>
    <CustomBuild Include="res\bmp00001.bmp">
      <Filter>Resource Files</Filter>
    </CustomBuild>
    <CustomBuild Include="res\bmp00002.bmp">
      <Filter>Resource Files</Filter>
    </CustomBuild>
    <CustomBuild Include="res\kkm.ico">
      <Filter>Resource Files</Filter>
    </CustomBuild>
    <CustomBuild Include="res\kkm.rc2">
      <Filter>Resource Files</Filter>
    </CustomBuild>
    <CustomBuild Include="res\kkmDoc.ico">
      <Filter>Resource Files</Filter>
    </CustomBuild>
    <CustomBuild Include="res\Kskdoc.ico">
      <Filter>Resource Files</Filter>
    </CustomBuild>
    <CustomBuild Include="res\Skarb.ico">
      <Filter>Resource Files</Filter>
    </CustomBuild>
    <CustomBuild Include="res\Toolbar.bmp">
      <Filter>Resource Files</Filter>
    </CustomBuild>
    <CustomBuild Include="res\toolbar1.bmp">
      <Filter>Resource Files</Filter>
    </CustomBuild>
    <CustomBuild Include="res\toolbar2.bmp">
      <Filter>Resource Files</Filter>
    </CustomBuild>
    <CustomBuild Include="ReadMe.txt" />
  </ItemGroup>
</Project>